
Microsoft Visual Studio Solution File, Format Version 12.00
# Visual Studio Version 16
VisualStudioVersion = 16.0.31624.102
MinimumVisualStudioVersion = 10.0.40219.1
Project("{FAE04EC0-301F-11D3-BF4B-00C04F79EFBC}") = "Work3", "Work3\Work3.csproj", "{4FB25CA7-D438-4967-9B6F-11F66D9C9480}"
EndProject
Project("{FAE04EC0-301F-11D3-BF4B-00C04F79EFBC}") = "Work2", "Work2\Work2.csproj", "{8D64392E-E296-4538-B58D-F7DEBA00E6BB}"
EndProject
Global
	GlobalSection(SolutionConfigurationPlatforms) = preSolution
		Debug|Any CPU = Debug|Any CPU
		Release|Any CPU = Release|Any CPU
	EndGlobalSection
	GlobalSection(ProjectConfigurationPlatforms) = postSolution
		{4FB25CA7-D438-4967-9B6F-11F66D9C9480}.Debug|Any CPU.ActiveCfg = Debug|Any CPU
		{4FB25CA7-D438-4967-9B6F-11F66D9C9480}.Debug|Any CPU.Build.0 = Debug|Any CPU
		{4FB25CA7-D438-4967-9B6F-11F66D9C9480}.Release|Any CPU.ActiveCfg = Release|Any CPU
		{4FB25CA7-D438-4967-9B6F-11F66D9C9480}.Release|Any CPU.Build.0 = Release|Any CPU
		{8D64392E-E296-4538-B58D-F7DEBA00E6BB}.Debug|Any CPU.ActiveCfg = Debug|Any CPU
		{8D64392E-E296-4538-B58D-F7DEBA00E6BB}.Debug|Any CPU.Build.0 = Debug|Any CPU
		{8D64392E-E296-4538-B58D-F7DEBA00E6BB}.Release|Any CPU.ActiveCfg = Release|Any CPU
		{8D64392E-E296-4538-B58D-F7DEBA00E6BB}.Release|Any CPU.Build.0 = Release|Any CPU
	EndGlobalSection
	GlobalSection(SolutionProperties) = preSolution
		HideSolutionNode = FALSE
	EndGlobalSection
	GlobalSection(ExtensibilityGlobals) = postSolution
		SolutionGuid = {3C704BC5-5477-4167-B593-E2180E2BC3B7}
	EndGlobalSection
EndGlobal
